// !$*UTF8*$!
{
	archiveVersion = 1;
	classes = {
	};
	objectVersion = 51;
	objects = {

/* Begin PBXBuildFile section */
		314D666229AD70B89564A921 /* Pods_Test_Store.framework in Frameworks */ = {isa = PBXBuildFile; fileRef = FF4A66552E4E71F7785B09EE /* Pods_Test_Store.framework */; };
		6113FF3424CA721F00567905 /* AppDelegate.swift in Sources */ = {isa = PBXBuildFile; fileRef = 6113FF3324CA721F00567905 /* AppDelegate.swift */; };
		6113FF3624CA721F00567905 /* SceneDelegate.swift in Sources */ = {isa = PBXBuildFile; fileRef = 6113FF3524CA721F00567905 /* SceneDelegate.swift */; };
		6113FF3824CA721F00567905 /* ViewController.swift in Sources */ = {isa = PBXBuildFile; fileRef = 6113FF3724CA721F00567905 /* ViewController.swift */; };
		6113FF3B24CA721F00567905 /* Main.storyboard in Resources */ = {isa = PBXBuildFile; fileRef = 6113FF3924CA721F00567905 /* Main.storyboard */; };
		6113FF3D24CA722100567905 /* Assets.xcassets in Resources */ = {isa = PBXBuildFile; fileRef = 6113FF3C24CA722100567905 /* Assets.xcassets */; };
		6113FF4024CA722100567905 /* LaunchScreen.storyboard in Resources */ = {isa = PBXBuildFile; fileRef = 6113FF3E24CA722100567905 /* LaunchScreen.storyboard */; };
		6113FF4924CA770900567905 /* HomeDealCell.swift in Sources */ = {isa = PBXBuildFile; fileRef = 6113FF4724CA770900567905 /* HomeDealCell.swift */; };
		6113FF4A24CA770900567905 /* HomeDealCell.xib in Resources */ = {isa = PBXBuildFile; fileRef = 6113FF4824CA770900567905 /* HomeDealCell.xib */; };
		6113FF4C24CA7B3500567905 /* CatgoriesCell.swift in Sources */ = {isa = PBXBuildFile; fileRef = 6113FF4B24CA7B3500567905 /* CatgoriesCell.swift */; };
		6113FF4E24CA7D5500567905 /* HomeModels.swift in Sources */ = {isa = PBXBuildFile; fileRef = 6113FF4D24CA7D5500567905 /* HomeModels.swift */; };
		6113FF5024CA7DC600567905 /* HomeApiManager.swift in Sources */ = {isa = PBXBuildFile; fileRef = 6113FF4F24CA7DC600567905 /* HomeApiManager.swift */; };
		6113FF5224CA825600567905 /* HomeViewModel.swift in Sources */ = {isa = PBXBuildFile; fileRef = 6113FF5124CA825600567905 /* HomeViewModel.swift */; };
		6113FF5424CA895A00567905 /* BannerCell.swift in Sources */ = {isa = PBXBuildFile; fileRef = 6113FF5324CA895A00567905 /* BannerCell.swift */; };
		6113FF5624CA907200567905 /* DetailsViewController.swift in Sources */ = {isa = PBXBuildFile; fileRef = 6113FF5524CA907200567905 /* DetailsViewController.swift */; };
		6113FF5824CA97F000567905 /* DetailModels.swift in Sources */ = {isa = PBXBuildFile; fileRef = 6113FF5724CA97F000567905 /* DetailModels.swift */; };
		6113FF5A24CA98E700567905 /* DetailApiManager.swift in Sources */ = {isa = PBXBuildFile; fileRef = 6113FF5924CA98E700567905 /* DetailApiManager.swift */; };
		6113FF5C24CA9A0300567905 /* DetailViewModel.swift in Sources */ = {isa = PBXBuildFile; fileRef = 6113FF5B24CA9A0300567905 /* DetailViewModel.swift */; };
		6113FF6524CAAA1F00567905 /* ColorCell.swift in Sources */ = {isa = PBXBuildFile; fileRef = 6113FF6424CAAA1F00567905 /* ColorCell.swift */; };
/* End PBXBuildFile section */

/* Begin PBXFileReference section */
		6113FF3024CA721F00567905 /* Test Store.app */ = {isa = PBXFileReference; explicitFileType = wrapper.application; includeInIndex = 0; path = "Test Store.app"; sourceTree = BUILT_PRODUCTS_DIR; };
		6113FF3324CA721F00567905 /* AppDelegate.swift */ = {isa = PBXFileReference; lastKnownFileType = sourcecode.swift; path = AppDelegate.swift; sourceTree = "<group>"; };
		6113FF3524CA721F00567905 /* SceneDelegate.swift */ = {isa = PBXFileReference; lastKnownFileType = sourcecode.swift; path = SceneDelegate.swift; sourceTree = "<group>"; };
		6113FF3724CA721F00567905 /* ViewController.swift */ = {isa = PBXFileReference; lastKnownFileType = sourcecode.swift; path = ViewController.swift; sourceTree = "<group>"; };
		6113FF3A24CA721F00567905 /* Base */ = {isa = PBXFileReference; lastKnownFileType = file.storyboard; name = Base; path = Base.lproj/Main.storyboard; sourceTree = "<group>"; };
		6113FF3C24CA722100567905 /* Assets.xcassets */ = {isa = PBXFileReference; lastKnownFileType = folder.assetcatalog; path = Assets.xcassets; sourceTree = "<group>"; };
		6113FF3F24CA722100567905 /* Base */ = {isa = PBXFileReference; lastKnownFileType = file.storyboard; name = Base; path = Base.lproj/LaunchScreen.storyboard; sourceTree = "<group>"; };
		6113FF4124CA722100567905 /* Info.plist */ = {isa = PBXFileReference; lastKnownFileType = text.plist.xml; path = Info.plist; sourceTree = "<group>"; };
		6113FF4724CA770900567905 /* HomeDealCell.swift */ = {isa = PBXFileReference; lastKnownFileType = sourcecode.swift; path = HomeDealCell.swift; sourceTree = "<group>"; };
		6113FF4824CA770900567905 /* HomeDealCell.xib */ = {isa = PBXFileReference; lastKnownFileType = file.xib; path = HomeDealCell.xib; sourceTree = "<group>"; };
		6113FF4B24CA7B3500567905 /* CatgoriesCell.swift */ = {isa = PBXFileReference; lastKnownFileType = sourcecode.swift; path = CatgoriesCell.swift; sourceTree = "<group>"; };
		6113FF4D24CA7D5500567905 /* HomeModels.swift */ = {isa = PBXFileReference; lastKnownFileType = sourcecode.swift; path = HomeModels.swift; sourceTree = "<group>"; };
		6113FF4F24CA7DC600567905 /* HomeApiManager.swift */ = {isa = PBXFileReference; lastKnownFileType = sourcecode.swift; path = HomeApiManager.swift; sourceTree = "<group>"; };
		6113FF5124CA825600567905 /* HomeViewModel.swift */ = {isa = PBXFileReference; lastKnownFileType = sourcecode.swift; path = HomeViewModel.swift; sourceTree = "<group>"; };
		6113FF5324CA895A00567905 /* BannerCell.swift */ = {isa = PBXFileReference; lastKnownFileType = sourcecode.swift; path = BannerCell.swift; sourceTree = "<group>"; };
		6113FF5524CA907200567905 /* DetailsViewController.swift */ = {isa = PBXFileReference; lastKnownFileType = sourcecode.swift; path = DetailsViewController.swift; sourceTree = "<group>"; };
		6113FF5724CA97F000567905 /* DetailModels.swift */ = {isa = PBXFileReference; lastKnownFileType = sourcecode.swift; path = DetailModels.swift; sourceTree = "<group>"; };
		6113FF5924CA98E700567905 /* DetailApiManager.swift */ = {isa = PBXFileReference; lastKnownFileType = sourcecode.swift; path = DetailApiManager.swift; sourceTree = "<group>"; };
		6113FF5B24CA9A0300567905 /* DetailViewModel.swift */ = {isa = PBXFileReference; lastKnownFileType = sourcecode.swift; path = DetailViewModel.swift; sourceTree = "<group>"; };
		6113FF6424CAAA1F00567905 /* ColorCell.swift */ = {isa = PBXFileReference; lastKnownFileType = sourcecode.swift; path = ColorCell.swift; sourceTree = "<group>"; };
		641803DD7117DF6AF533A030 /* Pods-Test Store.debug.xcconfig */ = {isa = PBXFileReference; includeInIndex = 1; lastKnownFileType = text.xcconfig; name = "Pods-Test Store.debug.xcconfig"; path = "Target Support Files/Pods-Test Store/Pods-Test Store.debug.xcconfig"; sourceTree = "<group>"; };
		8D3FDA60ADC9E2381FC91B88 /* Pods-Test Store.release.xcconfig */ = {isa = PBXFileReference; includeInIndex = 1; lastKnownFileType = text.xcconfig; name = "Pods-Test Store.release.xcconfig"; path = "Target Support Files/Pods-Test Store/Pods-Test Store.release.xcconfig"; sourceTree = "<group>"; };
		FF4A66552E4E71F7785B09EE /* Pods_Test_Store.framework */ = {isa = PBXFileReference; explicitFileType = wrapper.framework; includeInIndex = 0; path = Pods_Test_Store.framework; sourceTree = BUILT_PRODUCTS_DIR; };
/* End PBXFileReference section */

/* Begin PBXFrameworksBuildPhase section */
		6113FF2D24CA721F00567905 /* Frameworks */ = {
			isa = PBXFrameworksBuildPhase;
			buildActionMask = 2147483647;
			files = (
				314D666229AD70B89564A921 /* Pods_Test_Store.framework in Frameworks */,
			);
			runOnlyForDeploymentPostprocessing = 0;
		};
/* End PBXFrameworksBuildPhase section */

/* Begin PBXGroup section */
		4230D8884094A12C6BF77285 /* Frameworks */ = {
			isa = PBXGroup;
			children = (
				FF4A66552E4E71F7785B09EE /* Pods_Test_Store.framework */,
			);
			name = Frameworks;
			sourceTree = "<group>";
		};
		6113FF2724CA721F00567905 = {
			isa = PBXGroup;
			children = (
				6113FF3224CA721F00567905 /* Test Store */,
				6113FF3124CA721F00567905 /* Products */,
				6E0560ECDC343FE4DA08A067 /* Pods */,
				4230D8884094A12C6BF77285 /* Frameworks */,
			);
			sourceTree = "<group>";
		};
		6113FF3124CA721F00567905 /* Products */ = {
			isa = PBXGroup;
			children = (
				6113FF3024CA721F00567905 /* Test Store.app */,
			);
			name = Products;
			sourceTree = "<group>";
		};
		6113FF3224CA721F00567905 /* Test Store */ = {
			isa = PBXGroup;
			children = (
				6113FF6024CAA4AF00567905 /* Parent */,
				6113FF6124CAA4BB00567905 /* API */,
				6113FF6224CAA4C700567905 /* Model */,
				6113FF5F24CAA4A400567905 /* Controller */,
				6113FF6324CAA4DF00567905 /* View */,
				6113FF3924CA721F00567905 /* Main.storyboard */,
				6113FF3C24CA722100567905 /* Assets.xcassets */,
				6113FF3E24CA722100567905 /* LaunchScreen.storyboard */,
				6113FF4124CA722100567905 /* Info.plist */,
			);
			path = "Test Store";
			sourceTree = "<group>";
		};
		6113FF5D24CAA48500567905 /* Home */ = {
			isa = PBXGroup;
			children = (
				6113FF3724CA721F00567905 /* ViewController.swift */,
				6113FF5124CA825600567905 /* HomeViewModel.swift */,
			);
			path = Home;
			sourceTree = "<group>";
		};
		6113FF5E24CAA49400567905 /* Details */ = {
			isa = PBXGroup;
			children = (
				6113FF5524CA907200567905 /* DetailsViewController.swift */,
				6113FF5B24CA9A0300567905 /* DetailViewModel.swift */,
			);
			path = Details;
			sourceTree = "<group>";
		};
		6113FF5F24CAA4A400567905 /* Controller */ = {
			isa = PBXGroup;
			children = (
				6113FF5D24CAA48500567905 /* Home */,
				6113FF5E24CAA49400567905 /* Details */,
			);
			path = Controller;
			sourceTree = "<group>";
		};
		6113FF6024CAA4AF00567905 /* Parent */ = {
			isa = PBXGroup;
			children = (
				6113FF3324CA721F00567905 /* AppDelegate.swift */,
				6113FF3524CA721F00567905 /* SceneDelegate.swift */,
			);
			path = Parent;
			sourceTree = "<group>";
		};
		6113FF6124CAA4BB00567905 /* API */ = {
			isa = PBXGroup;
			children = (
				6113FF4F24CA7DC600567905 /* HomeApiManager.swift */,
				6113FF5924CA98E700567905 /* DetailApiManager.swift */,
			);
			path = API;
			sourceTree = "<group>";
		};
		6113FF6224CAA4C700567905 /* Model */ = {
			isa = PBXGroup;
			children = (
				6113FF4D24CA7D5500567905 /* HomeModels.swift */,
				6113FF5724CA97F000567905 /* DetailModels.swift */,
			);
			path = Model;
			sourceTree = "<group>";
		};
		6113FF6324CAA4DF00567905 /* View */ = {
			isa = PBXGroup;
			children = (
				6113FF5324CA895A00567905 /* BannerCell.swift */,
				6113FF4B24CA7B3500567905 /* CatgoriesCell.swift */,
				6113FF4724CA770900567905 /* HomeDealCell.swift */,
				6113FF4824CA770900567905 /* HomeDealCell.xib */,
				6113FF6424CAAA1F00567905 /* ColorCell.swift */,
			);
			path = View;
			sourceTree = "<group>";
		};
		6E0560ECDC343FE4DA08A067 /* Pods */ = {
			isa = PBXGroup;
			children = (
				641803DD7117DF6AF533A030 /* Pods-Test Store.debug.xcconfig */,
				8D3FDA60ADC9E2381FC91B88 /* Pods-Test Store.release.xcconfig */,
			);
			path = Pods;
			sourceTree = "<group>";
		};
/* End PBXGroup section */

/* Begin PBXNativeTarget section */
		6113FF2F24CA721F00567905 /* Test Store */ = {
			isa = PBXNativeTarget;
			buildConfigurationList = 6113FF4424CA722100567905 /* Build configuration list for PBXNativeTarget "Test Store" */;
			buildPhases = (
				F3FF1090FECC1413494B615D /* [CP] Check Pods Manifest.lock */,
				6113FF2C24CA721F00567905 /* Sources */,
				6113FF2D24CA721F00567905 /* Frameworks */,
				6113FF2E24CA721F00567905 /* Resources */,
				A87393534E77B0137F512EB5 /* [CP] Embed Pods Frameworks */,
			);
			buildRules = (
			);
			dependencies = (
			);
			name = "Test Store";
			productName = "Test Store";
			productReference = 6113FF3024CA721F00567905 /* Test Store.app */;
			productType = "com.apple.product-type.application";
		};
/* End PBXNativeTarget section */

/* Begin PBXProject section */
		6113FF2824CA721F00567905 /* Project object */ = {
			isa = PBXProject;
			attributes = {
				LastSwiftUpdateCheck = 1140;
				LastUpgradeCheck = 1140;
				ORGANIZATIONNAME = "Mahmoud Saeed";
				TargetAttributes = {
					6113FF2F24CA721F00567905 = {
						CreatedOnToolsVersion = 11.4.1;
					};
				};
			};
			buildConfigurationList = 6113FF2B24CA721F00567905 /* Build configuration list for PBXProject "Test Store" */;
			compatibilityVersion = "Xcode 9.3";
			developmentRegion = en;
			hasScannedForEncodings = 0;
			knownRegions = (
				en,
				Base,
			);
			mainGroup = 6113FF2724CA721F00567905;
			productRefGroup = 6113FF3124CA721F00567905 /* Products */;
			projectDirPath = "";
			projectRoot = "";
			targets = (
				6113FF2F24CA721F00567905 /* Test Store */,
			);
		};
/* End PBXProject section */

/* Begin PBXResourcesBuildPhase section */
		6113FF2E24CA721F00567905 /* Resources */ = {
			isa = PBXResourcesBuildPhase;
			buildActionMask = 2147483647;
			files = (
				6113FF4A24CA770900567905 /* HomeDealCell.xib in Resources */,
				6113FF4024CA722100567905 /* LaunchScreen.storyboard in Resources */,
				6113FF3D24CA722100567905 /* Assets.xcassets in Resources */,
				6113FF3B24CA721F00567905 /* Main.storyboard in Resources */,
			);
			runOnlyForDeploymentPostprocessing = 0;
		};
/* End PBXResourcesBuildPhase section */

/* Begin PBXShellScriptBuildPhase section */
		A87393534E77B0137F512EB5 /* [CP] Embed Pods Frameworks */ = {
			isa = PBXShellScriptBuildPhase;
			buildActionMask = 2147483647;
			files = (
			);
			inputFileListPaths = (
				"${PODS_ROOT}/Target Support Files/Pods-Test Store/Pods-Test Store-frameworks-${CONFIGURATION}-input-files.xcfilelist",
			);
			name = "[CP] Embed Pods Frameworks";
			outputFileListPaths = (
				"${PODS_ROOT}/Target Support Files/Pods-Test Store/Pods-Test Store-frameworks-${CONFIGURATION}-output-files.xcfilelist",
			);
			runOnlyForDeploymentPostprocessing = 0;
			shellPath = /bin/sh;
			shellScript = "\"${PODS_ROOT}/Target Support Files/Pods-Test Store/Pods-Test Store-frameworks.sh\"\n";
			showEnvVarsInLog = 0;
		};
		F3FF1090FECC1413494B615D /* [CP] Check Pods Manifest.lock */ = {
			isa = PBXShellScriptBuildPhase;
			buildActionMask = 2147483647;
			files = (
			);
			inputFileListPaths = (
			);
			inputPaths = (
				"${PODS_PODFILE_DIR_PATH}/Podfile.lock",
				"${PODS_ROOT}/Manifest.lock",
			);
			name = "[CP] Check Pods Manifest.lock";
			outputFileListPaths = (
			);
			outputPaths = (
				"$(DERIVED_FILE_DIR)/Pods-Test Store-checkManifestLockResult.txt",
			);
			runOnlyForDeploymentPostprocessing = 0;
			shellPath = /bin/sh;
			shellScript = "diff \"${PODS_PODFILE_DIR_PATH}/Podfile.lock\" \"${PODS_ROOT}/Manifest.lock\" > /dev/null\nif [ $? != 0 ] ; then\n    # print error to STDERR\n    echo \"error: The sandbox is not in sync with the Podfile.lock. Run 'pod install' or update your CocoaPods installation.\" >&2\n    exit 1\nfi\n# This output is used by Xcode 'outputs' to avoid re-running this script phase.\necho \"SUCCESS\" > \"${SCRIPT_OUTPUT_FILE_0}\"\n";
			showEnvVarsInLog = 0;
		};
/* End PBXShellScriptBuildPhase section */

/* Begin PBXSourcesBuildPhase section */
		6113FF2C24CA721F00567905 /* Sources */ = {
			isa = PBXSourcesBuildPhase;
			buildActionMask = 2147483647;
			files = (
				6113FF5224CA825600567905 /* HomeViewModel.swift in Sources */,
				6113FF5A24CA98E700567905 /* DetailApiManager.swift in Sources */,
				6113FF4924CA770900567905 /* HomeDealCell.swift in Sources */,
				6113FF5024CA7DC600567905 /* HomeApiManager.swift in Sources */,
				6113FF3824CA721F00567905 /* ViewController.swift in Sources */,
				6113FF3424CA721F00567905 /* AppDelegate.swift in Sources */,
				6113FF3624CA721F00567905 /* SceneDelegate.swift in Sources */,
				6113FF5824CA97F000567905 /* DetailModels.swift in Sources */,
				6113FF4E24CA7D5500567905 /* HomeModels.swift in Sources */,
				6113FF6524CAAA1F00567905 /* ColorCell.swift in Sources */,
				6113FF5C24CA9A0300567905 /* DetailViewModel.swift in Sources */,
				6113FF4C24CA7B3500567905 /* CatgoriesCell.swift in Sources */,
				6113FF5424CA895A00567905 /* BannerCell.swift in Sources */,
				6113FF5624CA907200567905 /* DetailsViewController.swift in Sources */,
			);
			runOnlyForDeploymentPostprocessing = 0;
		};
/* End PBXSourcesBuildPhase section */

/* Begin PBXVariantGroup section */
		6113FF3924CA721F00567905 /* Main.storyboard */ = {
			isa = PBXVariantGroup;
			children = (
				6113FF3A24CA721F00567905 /* Base */,
			);
			name = Main.storyboard;
			sourceTree = "<group>";
		};
		6113FF3E24CA722100567905 /* LaunchScreen.storyboard */ = {
			isa = PBXVariantGroup;
			children = (
				6113FF3F24CA722100567905 /* Base */,
			);
			name = LaunchScreen.storyboard;
			sourceTree = "<group>";
		};
/* End PBXVariantGroup section */

/* Begin XCBuildConfiguration section */
		6113FF4224CA722100567905 /* Debug */ = {
			isa = XCBuildConfiguration;
			buildSettings = {
				ALWAYS_SEARCH_USER_PATHS = NO;
				CLANG_ANALYZER_NONNULL = YES;
				CLANG_ANALYZER_NUMBER_OBJECT_CONVERSION = YES_AGGRESSIVE;
				CLANG_CXX_LANGUAGE_STANDARD = "gnu++14";
				CLANG_CXX_LIBRARY = "libc++";
				CLANG_ENABLE_MODULES = YES;
				CLANG_ENABLE_OBJC_ARC = YES;
				CLANG_ENABLE_OBJC_WEAK = YES;
				CLANG_WARN_BLOCK_CAPTURE_AUTORELEASING = YES;
				CLANG_WARN_BOOL_CONVERSION = YES;
				CLANG_WARN_COMMA = YES;
				CLANG_WARN_CONSTANT_CONVERSION = YES;
				CLANG_WARN_DEPRECATED_OBJC_IMPLEMENTATIONS = YES;
				CLANG_WARN_DIRECT_OBJC_ISA_USAGE = YES_ERROR;
				CLANG_WARN_DOCUMENTATION_COMMENTS = YES;
				CLANG_WARN_EMPTY_BODY = YES;
				CLANG_WARN_ENUM_CONVERSION = YES;
				CLANG_WARN_INFINITE_RECURSION = YES;
				CLANG_WARN_INT_CONVERSION = YES;
				CLANG_WARN_NON_LITERAL_NULL_CONVERSION = YES;
				CLANG_WARN_OBJC_IMPLICIT_RETAIN_SELF = YES;
				CLANG_WARN_OBJC_LITERAL_CONVERSION = YES;
				CLANG_WARN_OBJC_ROOT_CLASS = YES_ERROR;
				CLANG_WARN_RANGE_LOOP_ANALYSIS = YES;
				CLANG_WARN_STRICT_PROTOTYPES = YES;
				CLANG_WARN_SUSPICIOUS_MOVE = YES;
				CLANG_WARN_UNGUARDED_AVAILABILITY = YES_AGGRESSIVE;
				CLANG_WARN_UNREACHABLE_CODE = YES;
				CLANG_WARN__DUPLICATE_METHOD_MATCH = YES;
				COPY_PHASE_STRIP = NO;
				DEBUG_INFORMATION_FORMAT = dwarf;
				ENABLE_STRICT_OBJC_MSGSEND = YES;
				ENABLE_TESTABILITY = YES;
				GCC_C_LANGUAGE_STANDARD = gnu11;
				GCC_DYNAMIC_NO_PIC = NO;
				GCC_NO_COMMON_BLOCKS = YES;
				GCC_OPTIMIZATION_LEVEL = 0;
				GCC_PREPROCESSOR_DEFINITIONS = (
					"DEBUG=1",
					"$(inherited)",
				);
				GCC_WARN_64_TO_32_BIT_CONVERSION = YES;
				GCC_WARN_ABOUT_RETURN_TYPE = YES_ERROR;
				GCC_WARN_UNDECLARED_SELECTOR = YES;
				GCC_WARN_UNINITIALIZED_AUTOS = YES_AGGRESSIVE;
				GCC_WARN_UNUSED_FUNCTION = YES;
				GCC_WARN_UNUSED_VARIABLE = YES;
				IPHONEOS_DEPLOYMENT_TARGET = 13.4;
				MTL_ENABLE_DEBUG_INFO = INCLUDE_SOURCE;
				MTL_FAST_MATH = YES;
				ONLY_ACTIVE_ARCH = YES;
				SDKROOT = iphoneos;
				SWIFT_ACTIVE_COMPILATION_CONDITIONS = DEBUG;
				SWIFT_OPTIMIZATION_LEVEL = "-Onone";
			};
			name = Debug;
		};
		6113FF4324CA722100567905 /* Release */ = {
			isa = XCBuildConfiguration;
			buildSettings = {
				ALWAYS_SEARCH_USER_PATHS = NO;
				CLANG_ANALYZER_NONNULL = YES;
				CLANG_ANALYZER_NUMBER_OBJECT_CONVERSION = YES_AGGRESSIVE;
				CLANG_CXX_LANGUAGE_STANDARD = "gnu++14";
				CLANG_CXX_LIBRARY = "libc++";
				CLANG_ENABLE_MODULES = YES;
				CLANG_ENABLE_OBJC_ARC = YES;
				CLANG_ENABLE_OBJC_WEAK = YES;
				CLANG_WARN_BLOCK_CAPTURE_AUTORELEASING = YES;
				CLANG_WARN_BOOL_CONVERSION = YES;
				CLANG_WARN_COMMA = YES;
				CLANG_WARN_CONSTANT_CONVERSION = YES;
				CLANG_WARN_DEPRECATED_OBJC_IMPLEMENTATIONS = YES;
				CLANG_WARN_DIRECT_OBJC_ISA_USAGE = YES_ERROR;
				CLANG_WARN_DOCUMENTATION_COMMENTS = YES;
				CLANG_WARN_EMPTY_BODY = YES;
				CLANG_WARN_ENUM_CONVERSION = YES;
				CLANG_WARN_INFINITE_RECURSION = YES;
				CLANG_WARN_INT_CONVERSION = YES;
				CLANG_WARN_NON_LITERAL_NULL_CONVERSION = YES;
				CLANG_WARN_OBJC_IMPLICIT_RETAIN_SELF = YES;
				CLANG_WARN_OBJC_LITERAL_CONVERSION = YES;
				CLANG_WARN_OBJC_ROOT_CLASS = YES_ERROR;
				CLANG_WARN_RANGE_LOOP_ANALYSIS = YES;
				CLANG_WARN_STRICT_PROTOTYPES = YES;
				CLANG_WARN_SUSPICIOUS_MOVE = YES;
				CLANG_WARN_UNGUARDED_AVAILABILITY = YES_AGGRESSIVE;
				CLANG_WARN_UNREACHABLE_CODE = YES;
				CLANG_WARN__DUPLICATE_METHOD_MATCH = YES;
				COPY_PHASE_STRIP = NO;
				DEBUG_INFORMATION_FORMAT = "dwarf-with-dsym";
				ENABLE_NS_ASSERTIONS = NO;
				ENABLE_STRICT_OBJC_MSGSEND = YES;
				GCC_C_LANGUAGE_STANDARD = gnu11;
				GCC_NO_COMMON_BLOCKS = YES;
				GCC_WARN_64_TO_32_BIT_CONVERSION = YES;
				GCC_WARN_ABOUT_RETURN_TYPE = YES_ERROR;
				GCC_WARN_UNDECLARED_SELECTOR = YES;
				GCC_WARN_UNINITIALIZED_AUTOS = YES_AGGRESSIVE;
				GCC_WARN_UNUSED_FUNCTION = YES;
				GCC_WARN_UNUSED_VARIABLE = YES;
				IPHONEOS_DEPLOYMENT_TARGET = 13.4;
				MTL_ENABLE_DEBUG_INFO = NO;
				MTL_FAST_MATH = YES;
				SDKROOT = iphoneos;
				SWIFT_COMPILATION_MODE = wholemodule;
				SWIFT_OPTIMIZATION_LEVEL = "-O";
				VALIDATE_PRODUCT = YES;
			};
			name = Release;
		};
		6113FF4524CA722100567905 /* Debug */ = {
			isa = XCBuildConfiguration;
			baseConfigurationReference = 641803DD7117DF6AF533A030 /* Pods-Test Store.debug.xcconfig */;
			buildSettings = {
				ASSETCATALOG_COMPILER_APPICON_NAME = AppIcon;
				CODE_SIGN_STYLE = Automatic;
				DEVELOPMENT_TEAM = N7VF4F6DRH;
				INFOPLIST_FILE = "Test Store/Info.plist";
				LD_RUNPATH_SEARCH_PATHS = (
					"$(inherited)",
					"@executable_path/Frameworks",
				);
				PRODUCT_BUNDLE_IDENTIFIER = "com.doda.Test-Store";
				PRODUCT_NAME = "$(TARGET_NAME)";
				SWIFT_VERSION = 5.0;
				TARGETED_DEVICE_FAMILY = "1,2";
			};
			name = Debug;
		};
		6113FF4624CA722100567905 /* Release */ = {
			isa = XCBuildConfiguration;
			baseConfigurationReference = 8D3FDA60ADC9E2381FC91B88 /* Pods-Test Store.release.xcconfig */;
			buildSettings = {
				ASSETCATALOG_COMPILER_APPICON_NAME = AppIcon;
				CODE_SIGN_STYLE = Automatic;
				DEVELOPMENT_TEAM = N7VF4F6DRH;
				INFOPLIST_FILE = "Test Store/Info.plist";
				LD_RUNPATH_SEARCH_PATHS = (
					"$(inherited)",
					"@executable_path/Frameworks",
				);
				PRODUCT_BUNDLE_IDENTIFIER = "com.doda.Test-Store";
				PRODUCT_NAME = "$(TARGET_NAME)";
				SWIFT_VERSION = 5.0;
				TARGETED_DEVICE_FAMILY = "1,2";
			};
			name = Release;
		};
/* End XCBuildConfiguration section */

/* Begin XCConfigurationList section */
		6113FF2B24CA721F00567905 /* Build configuration list for PBXProject "Test Store" */ = {
			isa = XCConfigurationList;
			buildConfigurations = (
				6113FF4224CA722100567905 /* Debug */,
				6113FF4324CA722100567905 /* Release */,
			);
			defaultConfigurationIsVisible = 0;
			defaultConfigurationName = Release;
		};
		6113FF4424CA722100567905 /* Build configuration list for PBXNativeTarget "Test Store" */ = {
			isa = XCConfigurationList;
			buildConfigurations = (
				6113FF4524CA722100567905 /* Debug */,
				6113FF4624CA722100567905 /* Release */,
			);
			defaultConfigurationIsVisible = 0;
			defaultConfigurationName = Release;
		};
/* End XCConfigurationList section */
	};
	rootObject = 6113FF2824CA721F00567905 /* Project object */;
}
