PODS:
  - Alamofire (5.2.1)
  - Kingfisher (4.10.1)

DEPENDENCIES:
  - Alamofire (~> 5.2)
  - Kingfisher

SPEC REPOS:
  trunk:
    - Alamofire
    - Kingfisher

SPEC CHECKSUMS:
  Alamofire: e911732990610fe89af59ac0077f923d72dc3dfd
  Kingfisher: c148cd7b47ebde9989f6bc7c27dcaa79d81279a0

PODFILE CHECKSUM: e5503b0b70dd05d3b112af534cae02962f31d5b8

COCOAPODS: 1.9.3
